
Microsoft Visual Studio Solution File, Format Version 12.00
# Visual Studio Version 17
VisualStudioVersion = 17.6.33723.286
MinimumVisualStudioVersion = 10.0.40219.1
Project("{9A19103F-16F7-4668-BE54-9A1E7A4F7556}") = "JavDB.Film", "JavDB.Film\JavDB.Film.csproj", "{2E2CBB9C-5C76-4988-9FA1-4FDBD8AC30CE}"
EndProject
Project("{9A19103F-16F7-4668-BE54-9A1E7A4F7556}") = "JavDB.Services", "JavDB.Services\JavDB.Services.csproj", "{EAF39B78-A220-47E3-BA50-2ECD1AE2CE01}"
EndProject
Project("{9A19103F-16F7-4668-BE54-9A1E7A4F7556}") = "ConsoleApp", "ConsoleApp\ConsoleApp.csproj", "{34A639F7-EB26-4F1C-A803-5C9DDB4BC303}"
EndProject
Project("{9A19103F-16F7-4668-BE54-9A1E7A4F7556}") = "JavDB.Client", "JavDB.Client\JavDB.Client.csproj", "{21B27EFE-EFC4-457B-BC90-0C874408B1F5}"
EndProject
Project("{9A19103F-16F7-4668-BE54-9A1E7A4F7556}") = "JavDB.Polling", "JavDB.Polling\JavDB.Polling.csproj", "{15F2FCF1-BE69-403C-88F9-9FA144A97037}"
EndProject
Project("{9A19103F-16F7-4668-BE54-9A1E7A4F7556}") = "Synology.VideoStation.Meta", "..\Synology\Synology.VideoStation.Meta\Synology.VideoStation.Meta.csproj", "{B4D56441-494B-4E12-85BE-FDE816D39C72}"
EndProject
Project("{FAE04EC0-301F-11D3-BF4B-00C04F79EFBC}") = "JavDB.Extentions.Nfo", "JavDB.Extentions.Nfo\JavDB.Extentions.Nfo.csproj", "{9F67E585-29C6-440E-B0F2-49005A6C1D40}"
EndProject
Global
	GlobalSection(SolutionConfigurationPlatforms) = preSolution
		Debug|Any CPU = Debug|Any CPU
		Release|Any CPU = Release|Any CPU
	EndGlobalSection
	GlobalSection(ProjectConfigurationPlatforms) = postSolution
		{2E2CBB9C-5C76-4988-9FA1-4FDBD8AC30CE}.Debug|Any CPU.ActiveCfg = Debug|Any CPU
		{2E2CBB9C-5C76-4988-9FA1-4FDBD8AC30CE}.Debug|Any CPU.Build.0 = Debug|Any CPU
		{2E2CBB9C-5C76-4988-9FA1-4FDBD8AC30CE}.Release|Any CPU.ActiveCfg = Release|Any CPU
		{2E2CBB9C-5C76-4988-9FA1-4FDBD8AC30CE}.Release|Any CPU.Build.0 = Release|Any CPU
		{EAF39B78-A220-47E3-BA50-2ECD1AE2CE01}.Debug|Any CPU.ActiveCfg = Debug|Any CPU
		{EAF39B78-A220-47E3-BA50-2ECD1AE2CE01}.Debug|Any CPU.Build.0 = Debug|Any CPU
		{EAF39B78-A220-47E3-BA50-2ECD1AE2CE01}.Release|Any CPU.ActiveCfg = Release|Any CPU
		{EAF39B78-A220-47E3-BA50-2ECD1AE2CE01}.Release|Any CPU.Build.0 = Release|Any CPU
		{34A639F7-EB26-4F1C-A803-5C9DDB4BC303}.Debug|Any CPU.ActiveCfg = Debug|Any CPU
		{34A639F7-EB26-4F1C-A803-5C9DDB4BC303}.Debug|Any CPU.Build.0 = Debug|Any CPU
		{34A639F7-EB26-4F1C-A803-5C9DDB4BC303}.Release|Any CPU.ActiveCfg = Release|Any CPU
		{34A639F7-EB26-4F1C-A803-5C9DDB4BC303}.Release|Any CPU.Build.0 = Release|Any CPU
		{21B27EFE-EFC4-457B-BC90-0C874408B1F5}.Debug|Any CPU.ActiveCfg = Debug|Any CPU
		{21B27EFE-EFC4-457B-BC90-0C874408B1F5}.Debug|Any CPU.Build.0 = Debug|Any CPU
		{21B27EFE-EFC4-457B-BC90-0C874408B1F5}.Release|Any CPU.ActiveCfg = Release|Any CPU
		{21B27EFE-EFC4-457B-BC90-0C874408B1F5}.Release|Any CPU.Build.0 = Release|Any CPU
		{15F2FCF1-BE69-403C-88F9-9FA144A97037}.Debug|Any CPU.ActiveCfg = Debug|Any CPU
		{15F2FCF1-BE69-403C-88F9-9FA144A97037}.Debug|Any CPU.Build.0 = Debug|Any CPU
		{15F2FCF1-BE69-403C-88F9-9FA144A97037}.Release|Any CPU.ActiveCfg = Release|Any CPU
		{15F2FCF1-BE69-403C-88F9-9FA144A97037}.Release|Any CPU.Build.0 = Release|Any CPU
		{B4D56441-494B-4E12-85BE-FDE816D39C72}.Debug|Any CPU.ActiveCfg = Debug|Any CPU
		{B4D56441-494B-4E12-85BE-FDE816D39C72}.Debug|Any CPU.Build.0 = Debug|Any CPU
		{B4D56441-494B-4E12-85BE-FDE816D39C72}.Release|Any CPU.ActiveCfg = Release|Any CPU
		{B4D56441-494B-4E12-85BE-FDE816D39C72}.Release|Any CPU.Build.0 = Release|Any CPU
		{9F67E585-29C6-440E-B0F2-49005A6C1D40}.Debug|Any CPU.ActiveCfg = Debug|Any CPU
		{9F67E585-29C6-440E-B0F2-49005A6C1D40}.Debug|Any CPU.Build.0 = Debug|Any CPU
		{9F67E585-29C6-440E-B0F2-49005A6C1D40}.Release|Any CPU.ActiveCfg = Release|Any CPU
		{9F67E585-29C6-440E-B0F2-49005A6C1D40}.Release|Any CPU.Build.0 = Release|Any CPU
	EndGlobalSection
	GlobalSection(SolutionProperties) = preSolution
		HideSolutionNode = FALSE
	EndGlobalSection
	GlobalSection(ExtensibilityGlobals) = postSolution
		SolutionGuid = {7086A9F1-E37B-4B3B-A8F3-D9AD076DB03A}
	EndGlobalSection
EndGlobal
